
Microsoft Visual Studio Solution File, Format Version 12.00
# Visual Studio Version 17
VisualStudioVersion = 17.2.32602.215
MinimumVisualStudioVersion = 10.0.40219.1
Project("{2150E333-8FDC-42A3-9474-1A3956D46DE8}") = "0-Modeling and Design", "0-Modeling and Design", "{738E6A34-C267-4C5A-9D83-BE286E64F6B8}"
EndProject
Project("{2150E333-8FDC-42A3-9474-1A3956D46DE8}") = "1-Layers", "1-Layers", "{1DCEE51D-D97B-4203-9738-B3F5B4833FBE}"
EndProject
Project("{2150E333-8FDC-42A3-9474-1A3956D46DE8}") = "1.1-Presentation", "1.1-Presentation", "{0CCFA934-775C-4169-9511-8B4E16233434}"
EndProject
Project("{2150E333-8FDC-42A3-9474-1A3956D46DE8}") = "1.2-Distributed Services", "1.2-Distributed Services", "{0185FF22-FDC7-414B-BE8E-4046BEF5C661}"
EndProject
Project("{54A90642-561A-4BB1-A94E-469ADEE60C69}") = "WideWorldImporters", "WideWorldImporters\WideWorldImporters.esproj", "{A5F601D1-A084-4ECC-A48A-7E8D3B73FFD3}"
EndProject
Project("{2150E333-8FDC-42A3-9474-1A3956D46DE8}") = "1.3-Domain", "1.3-Domain", "{AF58E5A5-9A63-403F-96FF-9B20CC9F4613}"
EndProject
Project("{2150E333-8FDC-42A3-9474-1A3956D46DE8}") = "1.4-Infrastructure", "1.4-Infrastructure", "{03200DF8-5003-452A-8277-7E4931BDFB2C}"
EndProject
Project("{2150E333-8FDC-42A3-9474-1A3956D46DE8}") = "2-Data", "2-Data", "{60F6A85C-2C3F-4F18-BEC7-D4BA6EDC2680}"
EndProject
Project("{2150E333-8FDC-42A3-9474-1A3956D46DE8}") = "3-UnitTests", "3-UnitTests", "{3186EBAE-ACBF-437D-9756-C10387791749}"
EndProject
Project("{2150E333-8FDC-42A3-9474-1A3956D46DE8}") = "4-Artifacts", "4-Artifacts", "{56906184-3B22-4FC0-B3ED-3BD641ECAD4F}"
EndProject
Project("{2150E333-8FDC-42A3-9474-1A3956D46DE8}") = "4.1-Power Shell", "4.1-Power Shell", "{C68291F9-362C-4306-8906-3ED774025CDD}"
EndProject
Project("{2150E333-8FDC-42A3-9474-1A3956D46DE8}") = "4.2-Shell Script", "4.2-Shell Script", "{9C34EC12-3B6A-4C9A-B5FF-FD52B39B903F}"
EndProject
Project("{9A19103F-16F7-4668-BE54-9A1E7A4F7556}") = "Utilities", "Utilities\Utilities.csproj", "{FADFB9CF-B3D8-4987-949B-776EEFA305BD}"
EndProject
Project("{9A19103F-16F7-4668-BE54-9A1E7A4F7556}") = "Domain", "Domain\Domain.csproj", "{A358AC19-E7C5-4F09-928F-241FEF4C784E}"
EndProject
Project("{9A19103F-16F7-4668-BE54-9A1E7A4F7556}") = "Repositories", "Repositories\Repositories.csproj", "{8A8C08EB-1DBE-4509-ABFE-1FA0CC8E76D8}"
EndProject
Project("{9A19103F-16F7-4668-BE54-9A1E7A4F7556}") = "Services", "Services\Services.csproj", "{D5F60F47-4D93-49B7-8B37-8DB3CB59D0CC}"
EndProject
Project("{2150E333-8FDC-42A3-9474-1A3956D46DE8}") = "Solution Items", "Solution Items", "{37C03F0D-6748-40AC-80A6-C7EB57F7339A}"
	ProjectSection(SolutionItems) = preProject
		.editorconfig = .editorconfig
	EndProjectSection
EndProject
Project("{FAE04EC0-301F-11D3-BF4B-00C04F79EFBC}") = "WideWorldImporters.Api", "WideWorldImporters.Api\WideWorldImporters.Api.csproj", "{0E888A66-1D4A-4848-A2F9-4DD6416883E4}"
EndProject
Global
	GlobalSection(SolutionConfigurationPlatforms) = preSolution
		Debug|Any CPU = Debug|Any CPU
		Release|Any CPU = Release|Any CPU
	EndGlobalSection
	GlobalSection(ProjectConfigurationPlatforms) = postSolution
		{A5F601D1-A084-4ECC-A48A-7E8D3B73FFD3}.Debug|Any CPU.ActiveCfg = Debug|Any CPU
		{A5F601D1-A084-4ECC-A48A-7E8D3B73FFD3}.Debug|Any CPU.Build.0 = Debug|Any CPU
		{A5F601D1-A084-4ECC-A48A-7E8D3B73FFD3}.Debug|Any CPU.Deploy.0 = Debug|Any CPU
		{A5F601D1-A084-4ECC-A48A-7E8D3B73FFD3}.Release|Any CPU.ActiveCfg = Release|Any CPU
		{A5F601D1-A084-4ECC-A48A-7E8D3B73FFD3}.Release|Any CPU.Build.0 = Release|Any CPU
		{A5F601D1-A084-4ECC-A48A-7E8D3B73FFD3}.Release|Any CPU.Deploy.0 = Release|Any CPU
		{FADFB9CF-B3D8-4987-949B-776EEFA305BD}.Debug|Any CPU.ActiveCfg = Debug|Any CPU
		{FADFB9CF-B3D8-4987-949B-776EEFA305BD}.Debug|Any CPU.Build.0 = Debug|Any CPU
		{FADFB9CF-B3D8-4987-949B-776EEFA305BD}.Release|Any CPU.ActiveCfg = Release|Any CPU
		{FADFB9CF-B3D8-4987-949B-776EEFA305BD}.Release|Any CPU.Build.0 = Release|Any CPU
		{A358AC19-E7C5-4F09-928F-241FEF4C784E}.Debug|Any CPU.ActiveCfg = Debug|Any CPU
		{A358AC19-E7C5-4F09-928F-241FEF4C784E}.Debug|Any CPU.Build.0 = Debug|Any CPU
		{A358AC19-E7C5-4F09-928F-241FEF4C784E}.Release|Any CPU.ActiveCfg = Release|Any CPU
		{A358AC19-E7C5-4F09-928F-241FEF4C784E}.Release|Any CPU.Build.0 = Release|Any CPU
		{8A8C08EB-1DBE-4509-ABFE-1FA0CC8E76D8}.Debug|Any CPU.ActiveCfg = Debug|Any CPU
		{8A8C08EB-1DBE-4509-ABFE-1FA0CC8E76D8}.Debug|Any CPU.Build.0 = Debug|Any CPU
		{8A8C08EB-1DBE-4509-ABFE-1FA0CC8E76D8}.Release|Any CPU.ActiveCfg = Release|Any CPU
		{8A8C08EB-1DBE-4509-ABFE-1FA0CC8E76D8}.Release|Any CPU.Build.0 = Release|Any CPU
		{D5F60F47-4D93-49B7-8B37-8DB3CB59D0CC}.Debug|Any CPU.ActiveCfg = Debug|Any CPU
		{D5F60F47-4D93-49B7-8B37-8DB3CB59D0CC}.Debug|Any CPU.Build.0 = Debug|Any CPU
		{D5F60F47-4D93-49B7-8B37-8DB3CB59D0CC}.Release|Any CPU.ActiveCfg = Release|Any CPU
		{D5F60F47-4D93-49B7-8B37-8DB3CB59D0CC}.Release|Any CPU.Build.0 = Release|Any CPU
		{0E888A66-1D4A-4848-A2F9-4DD6416883E4}.Debug|Any CPU.ActiveCfg = Debug|Any CPU
		{0E888A66-1D4A-4848-A2F9-4DD6416883E4}.Debug|Any CPU.Build.0 = Debug|Any CPU
		{0E888A66-1D4A-4848-A2F9-4DD6416883E4}.Release|Any CPU.ActiveCfg = Release|Any CPU
		{0E888A66-1D4A-4848-A2F9-4DD6416883E4}.Release|Any CPU.Build.0 = Release|Any CPU
	EndGlobalSection
	GlobalSection(SolutionProperties) = preSolution
		HideSolutionNode = FALSE
	EndGlobalSection
	GlobalSection(NestedProjects) = preSolution
		{0CCFA934-775C-4169-9511-8B4E16233434} = {1DCEE51D-D97B-4203-9738-B3F5B4833FBE}
		{0185FF22-FDC7-414B-BE8E-4046BEF5C661} = {1DCEE51D-D97B-4203-9738-B3F5B4833FBE}
		{A5F601D1-A084-4ECC-A48A-7E8D3B73FFD3} = {0CCFA934-775C-4169-9511-8B4E16233434}
		{AF58E5A5-9A63-403F-96FF-9B20CC9F4613} = {1DCEE51D-D97B-4203-9738-B3F5B4833FBE}
		{03200DF8-5003-452A-8277-7E4931BDFB2C} = {1DCEE51D-D97B-4203-9738-B3F5B4833FBE}
		{C68291F9-362C-4306-8906-3ED774025CDD} = {56906184-3B22-4FC0-B3ED-3BD641ECAD4F}
		{9C34EC12-3B6A-4C9A-B5FF-FD52B39B903F} = {56906184-3B22-4FC0-B3ED-3BD641ECAD4F}
		{FADFB9CF-B3D8-4987-949B-776EEFA305BD} = {03200DF8-5003-452A-8277-7E4931BDFB2C}
		{A358AC19-E7C5-4F09-928F-241FEF4C784E} = {AF58E5A5-9A63-403F-96FF-9B20CC9F4613}
		{8A8C08EB-1DBE-4509-ABFE-1FA0CC8E76D8} = {60F6A85C-2C3F-4F18-BEC7-D4BA6EDC2680}
		{D5F60F47-4D93-49B7-8B37-8DB3CB59D0CC} = {60F6A85C-2C3F-4F18-BEC7-D4BA6EDC2680}
		{0E888A66-1D4A-4848-A2F9-4DD6416883E4} = {0185FF22-FDC7-414B-BE8E-4046BEF5C661}
	EndGlobalSection
	GlobalSection(ExtensibilityGlobals) = postSolution
		SolutionGuid = {254F9FF2-C9E0-4829-A520-9BD4C546E1BB}
	EndGlobalSection
EndGlobal
